
Microsoft Visual Studio Solution File, Format Version 11.00
# Visual Studio 2010
Project("{FAE04EC0-301F-11D3-BF4B-00C04F79EFBC}") = "ReservasWeb", "ReservasWeb\ReservasWeb.csproj", "{20C0AAC4-B639-4277-B68F-B436157ED752}"
EndProject
Project("{2150E333-8FDC-42A3-9474-1A3956D46DE8}") = "Librerias", "Librerias", "{E890C203-8D24-4F31-A59C-48815BD05AF6}"
	ProjectSection(SolutionItems) = preProject
		Librerias\Iesi.Collections.dll = Librerias\Iesi.Collections.dll
		Librerias\NHibernate.dll = Librerias\NHibernate.dll
	EndProjectSection
EndProject
Project("{2150E333-8FDC-42A3-9474-1A3956D46DE8}") = "BDAUTODROMO", "BDAUTODROMO", "{0F25B74A-D8EC-47E7-AF49-0693CECDE651}"
	ProjectSection(SolutionItems) = preProject
		BDAUTODROMO\BDAutodromo.bak = BDAUTODROMO\BDAutodromo.bak
	EndProjectSection
EndProject
Project("{FAE04EC0-301F-11D3-BF4B-00C04F79EFBC}") = "SOAPServices", "SOAPServices\SOAPServices.csproj", "{B44878C1-AAB6-4687-9377-D6DFDC58FF39}"
EndProject
Global
	GlobalSection(SolutionConfigurationPlatforms) = preSolution
		Debug|Any CPU = Debug|Any CPU
		Release|Any CPU = Release|Any CPU
	EndGlobalSection
	GlobalSection(ProjectConfigurationPlatforms) = postSolution
		{20C0AAC4-B639-4277-B68F-B436157ED752}.Debug|Any CPU.ActiveCfg = Debug|Any CPU
		{20C0AAC4-B639-4277-B68F-B436157ED752}.Debug|Any CPU.Build.0 = Debug|Any CPU
		{20C0AAC4-B639-4277-B68F-B436157ED752}.Release|Any CPU.ActiveCfg = Release|Any CPU
		{20C0AAC4-B639-4277-B68F-B436157ED752}.Release|Any CPU.Build.0 = Release|Any CPU
		{B44878C1-AAB6-4687-9377-D6DFDC58FF39}.Debug|Any CPU.ActiveCfg = Debug|Any CPU
		{B44878C1-AAB6-4687-9377-D6DFDC58FF39}.Debug|Any CPU.Build.0 = Debug|Any CPU
		{B44878C1-AAB6-4687-9377-D6DFDC58FF39}.Release|Any CPU.ActiveCfg = Release|Any CPU
		{B44878C1-AAB6-4687-9377-D6DFDC58FF39}.Release|Any CPU.Build.0 = Release|Any CPU
	EndGlobalSection
	GlobalSection(SolutionProperties) = preSolution
		HideSolutionNode = FALSE
	EndGlobalSection
EndGlobal
